
Microsoft Visual Studio Solution File, Format Version 12.00
# Visual Studio Version 16
VisualStudioVersion = 16.0.31613.86
MinimumVisualStudioVersion = 10.0.40219.1
Project("{FAE04EC0-301F-11D3-BF4B-00C04F79EFBC}") = "ProductReviewManagement", "ProductReviewManagement\ProductReviewManagement.csproj", "{28FB61FA-8D82-47C4-8988-29F4A4DB0BCB}"
EndProject
Global
	GlobalSection(SolutionConfigurationPlatforms) = preSolution
		Debug|Any CPU = Debug|Any CPU
		Release|Any CPU = Release|Any CPU
	EndGlobalSection
	GlobalSection(ProjectConfigurationPlatforms) = postSolution
		{28FB61FA-8D82-47C4-8988-29F4A4DB0BCB}.Debug|Any CPU.ActiveCfg = Debug|Any CPU
		{28FB61FA-8D82-47C4-8988-29F4A4DB0BCB}.Debug|Any CPU.Build.0 = Debug|Any CPU
		{28FB61FA-8D82-47C4-8988-29F4A4DB0BCB}.Release|Any CPU.ActiveCfg = Release|Any CPU
		{28FB61FA-8D82-47C4-8988-29F4A4DB0BCB}.Release|Any CPU.Build.0 = Release|Any CPU
	EndGlobalSection
	GlobalSection(SolutionProperties) = preSolution
		HideSolutionNode = FALSE
	EndGlobalSection
	GlobalSection(ExtensibilityGlobals) = postSolution
		SolutionGuid = {920CDA0C-8248-45FA-8376-CE2BF1A60F50}
	EndGlobalSection
EndGlobal
